<?xml version="1.0" encoding="utf-8"?>
<Project ToolsVersion="4.0" xmlns="http://schemas.microsoft.com/developer/msbuild/2003">
  <ItemGroup>
    <Filter Include="Source Files">
      <UniqueIdentifier>{4FC737F1-C7A5-4376-A066-2A32D752A2FF}</UniqueIdentifier>
      <Extensions>cpp;c;cc;cxx;def;odl;idl;hpj;bat;asm;asmx</Extensions>
    </Filter>
    <Filter Include="Resource Files">
      <UniqueIdentifier>{67DA6AB6-F800-4c08-8B7A-83BB121AAD01}</UniqueIdentifier>
      <Extensions>rc;ico;cur;bmp;dlg;rc2;rct;bin;rgs;gif;jpg;jpeg;jpe;resx;tiff;tif;png;wav;mfcribbon-ms</Extensions>
    </Filter>
    <Filter Include="Source Files\Helper">
      <UniqueIdentifier>{fa451a47-f603-4312-904e-9cf304461d5d}</UniqueIdentifier>
    </Filter>
    <Filter Include="Source Files\staticDependancies">
      <UniqueIdentifier>{f5976993-ee1a-4308-9e29-ac4229cfe0cf}</UniqueIdentifier>
    </Filter>
    <Filter Include="Source Files\staticDependancies\glad">
      <UniqueIdentifier>{6db21c0a-e27d-4b60-8ed9-0c57922e0ee0}</UniqueIdentifier>
    </Filter>
    <Filter Include="Source Files\PlanetTech">
      <UniqueIdentifier>{1717d993-4ce4-4cdc-a615-7c27e6279626}</UniqueIdentifier>
    </Filter>
    <Filter Include="Source Files\Graphics">
      <UniqueIdentifier>{acc93442-29fa-4790-a95d-4d3db1ed217b}</UniqueIdentifier>
    </Filter>
  </ItemGroup>
  <ItemGroup>
    <ClCompile Include="main.cpp">
      <Filter>Source Files</Filter>
    </ClCompile>
    <ClCompile Include="StaticDependancies\glad\glad.cpp">
      <Filter>Source Files\staticDependancies\glad</Filter>
    </ClCompile>
    <ClCompile Include="stdafx.cpp">
      <Filter>Source Files</Filter>
    </ClCompile>
    <ClCompile Include="Scene.cpp">
      <Filter>Source Files</Filter>
    </ClCompile>
    <ClCompile Include="Time.cpp">
      <Filter>Source Files\Helper</Filter>
    </ClCompile>
    <ClCompile Include="Planet.cpp">
      <Filter>Source Files\PlanetTech</Filter>
    </ClCompile>
    <ClCompile Include="Shader.cpp">
      <Filter>Source Files\Graphics</Filter>
    </ClCompile>
    <ClCompile Include="InputManager.cpp">
      <Filter>Source Files\Helper</Filter>
    </ClCompile>
    <ClCompile Include="Transform.cpp">
      <Filter>Source Files\Graphics</Filter>
    </ClCompile>
    <ClCompile Include="Camera.cpp">
      <Filter>Source Files\Graphics</Filter>
    </ClCompile>
  </ItemGroup>
  <ItemGroup>
    <ClInclude Include="StaticDependancies\glad\glad.h">
      <Filter>Source Files\staticDependancies\glad</Filter>
    </ClInclude>
    <ClInclude Include="stdafx.h">
      <Filter>Source Files</Filter>
    </ClInclude>
    <ClInclude Include="StaticDependancies\glad\stdafx.h">
      <Filter>Source Files\staticDependancies\glad</Filter>
    </ClInclude>
    <ClInclude Include="Scene.h">
      <Filter>Source Files</Filter>
    </ClInclude>
    <ClInclude Include="Time.h">
      <Filter>Source Files\Helper</Filter>
    </ClInclude>
    <ClInclude Include="Singleton.h">
      <Filter>Source Files\Helper</Filter>
    </ClInclude>
    <ClInclude Include="Settings.h">
      <Filter>Source Files\Helper</Filter>
    </ClInclude>
    <ClInclude Include="Context.h">
      <Filter>Source Files\Helper</Filter>
    </ClInclude>
    <ClInclude Include="Planet.h">
      <Filter>Source Files\PlanetTech</Filter>
    </ClInclude>
    <ClInclude Include="Shader.h">
      <Filter>Source Files\Graphics</Filter>
    </ClInclude>
    <ClInclude Include="InputManager.h">
      <Filter>Source Files\Helper</Filter>
    </ClInclude>
    <ClInclude Include="Transform.h">
      <Filter>Source Files\Graphics</Filter>
    </ClInclude>
    <ClInclude Include="Camera.h">
      <Filter>Source Files\Graphics</Filter>
    </ClInclude>
  </ItemGroup>
</Project>